
Microsoft Visual Studio Solution File, Format Version 12.00
# Visual Studio 2012
Project("{FAE04EC0-301F-11D3-BF4B-00C04F79EFBC}") = "DBI.Core", "DBI.Core\DBI.Core.csproj", "{E472C66E-6529-481A-BF8B-801311480AA4}"
EndProject
Project("{FAE04EC0-301F-11D3-BF4B-00C04F79EFBC}") = "DBI.Data", "DBI.Data\DBI.Data.csproj", "{C03D443B-4573-456E-85FB-B88994490FB5}"
EndProject
Project("{2150E333-8FDC-42A3-9474-1A3956D46DE8}") = "Solution Items", "Solution Items", "{415F98D7-C748-4156-86B9-990473542E99}"
EndProject
Project("{FAE04EC0-301F-11D3-BF4B-00C04F79EFBC}") = "DBI.Web.EMS", "DBI.Web.EMS\DBI.Web.EMS.csproj", "{FCAC8728-4AF9-493E-B1D6-7A8F1E25E376}"
EndProject
Project("{FAE04EC0-301F-11D3-BF4B-00C04F79EFBC}") = "DBI.AssemblyVersion", "DBI.AssemblyVersion\DBI.AssemblyVersion.csproj", "{5E38C9F8-E137-4EE0-9E9B-4B6FB0D22992}"
EndProject
Project("{FAE04EC0-301F-11D3-BF4B-00C04F79EFBC}") = "DBI.Mobile.EMS", "DBI.Mobile.EMS\DBI.Mobile.EMS.csproj", "{EE80E524-B5FB-49A7-A367-D7AB809C6F52}"
EndProject
Project("{FAE04EC0-301F-11D3-BF4B-00C04F79EFBC}") = "DBI.Mobile.Notifications", "DBI.Mobile.Notifications\DBI.Mobile.Notifications.csproj", "{E8826726-F933-4D6E-91E3-46920DE62D98}"
EndProject
Project("{FAE04EC0-301F-11D3-BF4B-00C04F79EFBC}") = "DBI.Data.Test", "DBI.Data.Test\DBI.Data.Test.csproj", "{D6B3EC89-4097-4E83-907C-28089A3D80F9}"
EndProject
Global
	GlobalSection(SolutionConfigurationPlatforms) = preSolution
		APPDEV|Any CPU = APPDEV|Any CPU
		Debug|Any CPU = Debug|Any CPU
		PCL05|Any CPU = PCL05|Any CPU
		PROD|Any CPU = PROD|Any CPU
		Release|Any CPU = Release|Any CPU
	EndGlobalSection
	GlobalSection(ProjectConfigurationPlatforms) = postSolution
		{E472C66E-6529-481A-BF8B-801311480AA4}.APPDEV|Any CPU.ActiveCfg = APPDEV|Any CPU
		{E472C66E-6529-481A-BF8B-801311480AA4}.APPDEV|Any CPU.Build.0 = APPDEV|Any CPU
		{E472C66E-6529-481A-BF8B-801311480AA4}.Debug|Any CPU.ActiveCfg = PROD|Any CPU
		{E472C66E-6529-481A-BF8B-801311480AA4}.Debug|Any CPU.Build.0 = PROD|Any CPU
		{E472C66E-6529-481A-BF8B-801311480AA4}.PCL05|Any CPU.ActiveCfg = PCL05|Any CPU
		{E472C66E-6529-481A-BF8B-801311480AA4}.PCL05|Any CPU.Build.0 = PCL05|Any CPU
		{E472C66E-6529-481A-BF8B-801311480AA4}.PROD|Any CPU.ActiveCfg = PROD|Any CPU
		{E472C66E-6529-481A-BF8B-801311480AA4}.PROD|Any CPU.Build.0 = PROD|Any CPU
		{E472C66E-6529-481A-BF8B-801311480AA4}.Release|Any CPU.ActiveCfg = PROD|Any CPU
		{E472C66E-6529-481A-BF8B-801311480AA4}.Release|Any CPU.Build.0 = PROD|Any CPU
		{C03D443B-4573-456E-85FB-B88994490FB5}.APPDEV|Any CPU.ActiveCfg = APPDEV|Any CPU
		{C03D443B-4573-456E-85FB-B88994490FB5}.APPDEV|Any CPU.Build.0 = APPDEV|Any CPU
		{C03D443B-4573-456E-85FB-B88994490FB5}.Debug|Any CPU.ActiveCfg = PROD|Any CPU
		{C03D443B-4573-456E-85FB-B88994490FB5}.Debug|Any CPU.Build.0 = PROD|Any CPU
		{C03D443B-4573-456E-85FB-B88994490FB5}.PCL05|Any CPU.ActiveCfg = PCL05|Any CPU
		{C03D443B-4573-456E-85FB-B88994490FB5}.PCL05|Any CPU.Build.0 = PCL05|Any CPU
		{C03D443B-4573-456E-85FB-B88994490FB5}.PROD|Any CPU.ActiveCfg = PROD|Any CPU
		{C03D443B-4573-456E-85FB-B88994490FB5}.PROD|Any CPU.Build.0 = PROD|Any CPU
		{C03D443B-4573-456E-85FB-B88994490FB5}.Release|Any CPU.ActiveCfg = PROD|Any CPU
		{C03D443B-4573-456E-85FB-B88994490FB5}.Release|Any CPU.Build.0 = PROD|Any CPU
		{FCAC8728-4AF9-493E-B1D6-7A8F1E25E376}.APPDEV|Any CPU.ActiveCfg = APPDEV|Any CPU
		{FCAC8728-4AF9-493E-B1D6-7A8F1E25E376}.APPDEV|Any CPU.Build.0 = APPDEV|Any CPU
		{FCAC8728-4AF9-493E-B1D6-7A8F1E25E376}.Debug|Any CPU.ActiveCfg = Release|Any CPU
		{FCAC8728-4AF9-493E-B1D6-7A8F1E25E376}.Debug|Any CPU.Build.0 = Release|Any CPU
		{FCAC8728-4AF9-493E-B1D6-7A8F1E25E376}.PCL05|Any CPU.ActiveCfg = PCL05|Any CPU
		{FCAC8728-4AF9-493E-B1D6-7A8F1E25E376}.PCL05|Any CPU.Build.0 = PCL05|Any CPU
		{FCAC8728-4AF9-493E-B1D6-7A8F1E25E376}.PROD|Any CPU.ActiveCfg = PROD|Any CPU
		{FCAC8728-4AF9-493E-B1D6-7A8F1E25E376}.PROD|Any CPU.Build.0 = PROD|Any CPU
		{FCAC8728-4AF9-493E-B1D6-7A8F1E25E376}.Release|Any CPU.ActiveCfg = Release|Any CPU
		{FCAC8728-4AF9-493E-B1D6-7A8F1E25E376}.Release|Any CPU.Build.0 = Release|Any CPU
		{5E38C9F8-E137-4EE0-9E9B-4B6FB0D22992}.APPDEV|Any CPU.ActiveCfg = APPDEV|Any CPU
		{5E38C9F8-E137-4EE0-9E9B-4B6FB0D22992}.APPDEV|Any CPU.Build.0 = APPDEV|Any CPU
		{5E38C9F8-E137-4EE0-9E9B-4B6FB0D22992}.Debug|Any CPU.ActiveCfg = PROD|Any CPU
		{5E38C9F8-E137-4EE0-9E9B-4B6FB0D22992}.Debug|Any CPU.Build.0 = PROD|Any CPU
		{5E38C9F8-E137-4EE0-9E9B-4B6FB0D22992}.PCL05|Any CPU.ActiveCfg = PCL05|Any CPU
		{5E38C9F8-E137-4EE0-9E9B-4B6FB0D22992}.PCL05|Any CPU.Build.0 = PCL05|Any CPU
		{5E38C9F8-E137-4EE0-9E9B-4B6FB0D22992}.PROD|Any CPU.ActiveCfg = PROD|Any CPU
		{5E38C9F8-E137-4EE0-9E9B-4B6FB0D22992}.PROD|Any CPU.Build.0 = PROD|Any CPU
		{5E38C9F8-E137-4EE0-9E9B-4B6FB0D22992}.Release|Any CPU.ActiveCfg = PROD|Any CPU
		{5E38C9F8-E137-4EE0-9E9B-4B6FB0D22992}.Release|Any CPU.Build.0 = PROD|Any CPU
		{EE80E524-B5FB-49A7-A367-D7AB809C6F52}.APPDEV|Any CPU.ActiveCfg = APPDEV|Any CPU
		{EE80E524-B5FB-49A7-A367-D7AB809C6F52}.APPDEV|Any CPU.Build.0 = APPDEV|Any CPU
		{EE80E524-B5FB-49A7-A367-D7AB809C6F52}.Debug|Any CPU.ActiveCfg = Release|Any CPU
		{EE80E524-B5FB-49A7-A367-D7AB809C6F52}.Debug|Any CPU.Build.0 = Release|Any CPU
		{EE80E524-B5FB-49A7-A367-D7AB809C6F52}.PCL05|Any CPU.ActiveCfg = PCL05|Any CPU
		{EE80E524-B5FB-49A7-A367-D7AB809C6F52}.PCL05|Any CPU.Build.0 = PCL05|Any CPU
		{EE80E524-B5FB-49A7-A367-D7AB809C6F52}.PROD|Any CPU.ActiveCfg = PROD|Any CPU
		{EE80E524-B5FB-49A7-A367-D7AB809C6F52}.PROD|Any CPU.Build.0 = PROD|Any CPU
		{EE80E524-B5FB-49A7-A367-D7AB809C6F52}.Release|Any CPU.ActiveCfg = Release|Any CPU
		{EE80E524-B5FB-49A7-A367-D7AB809C6F52}.Release|Any CPU.Build.0 = Release|Any CPU
		{E8826726-F933-4D6E-91E3-46920DE62D98}.APPDEV|Any CPU.ActiveCfg = APPDEV|Any CPU
		{E8826726-F933-4D6E-91E3-46920DE62D98}.APPDEV|Any CPU.Build.0 = APPDEV|Any CPU
		{E8826726-F933-4D6E-91E3-46920DE62D98}.Debug|Any CPU.ActiveCfg = PROD|Any CPU
		{E8826726-F933-4D6E-91E3-46920DE62D98}.Debug|Any CPU.Build.0 = PROD|Any CPU
		{E8826726-F933-4D6E-91E3-46920DE62D98}.PCL05|Any CPU.ActiveCfg = PCL05|Any CPU
		{E8826726-F933-4D6E-91E3-46920DE62D98}.PCL05|Any CPU.Build.0 = PCL05|Any CPU
		{E8826726-F933-4D6E-91E3-46920DE62D98}.PROD|Any CPU.ActiveCfg = PROD|Any CPU
		{E8826726-F933-4D6E-91E3-46920DE62D98}.PROD|Any CPU.Build.0 = PROD|Any CPU
		{E8826726-F933-4D6E-91E3-46920DE62D98}.Release|Any CPU.ActiveCfg = PROD|Any CPU
		{E8826726-F933-4D6E-91E3-46920DE62D98}.Release|Any CPU.Build.0 = PROD|Any CPU
		{D6B3EC89-4097-4E83-907C-28089A3D80F9}.APPDEV|Any CPU.ActiveCfg = Release|Any CPU
		{D6B3EC89-4097-4E83-907C-28089A3D80F9}.APPDEV|Any CPU.Build.0 = Release|Any CPU
		{D6B3EC89-4097-4E83-907C-28089A3D80F9}.Debug|Any CPU.ActiveCfg = Debug|Any CPU
		{D6B3EC89-4097-4E83-907C-28089A3D80F9}.Debug|Any CPU.Build.0 = Debug|Any CPU
		{D6B3EC89-4097-4E83-907C-28089A3D80F9}.PCL05|Any CPU.ActiveCfg = Release|Any CPU
		{D6B3EC89-4097-4E83-907C-28089A3D80F9}.PCL05|Any CPU.Build.0 = Release|Any CPU
		{D6B3EC89-4097-4E83-907C-28089A3D80F9}.PROD|Any CPU.ActiveCfg = Release|Any CPU
		{D6B3EC89-4097-4E83-907C-28089A3D80F9}.PROD|Any CPU.Build.0 = Release|Any CPU
		{D6B3EC89-4097-4E83-907C-28089A3D80F9}.Release|Any CPU.ActiveCfg = Release|Any CPU
		{D6B3EC89-4097-4E83-907C-28089A3D80F9}.Release|Any CPU.Build.0 = Release|Any CPU
	EndGlobalSection
	GlobalSection(SolutionProperties) = preSolution
		HideSolutionNode = FALSE
	EndGlobalSection
	GlobalSection(NestedProjects) = preSolution
		{5E38C9F8-E137-4EE0-9E9B-4B6FB0D22992} = {415F98D7-C748-4156-86B9-990473542E99}
	EndGlobalSection
EndGlobal
